
Microsoft Visual Studio Solution File, Format Version 12.00
# Visual Studio 15
VisualStudioVersion = 15.0.26228.13
MinimumVisualStudioVersion = 10.0.40219.1
Project("{FAE04EC0-301F-11D3-BF4B-00C04F79EFBC}") = "MicroServiceSample", "MicroServiceSample\MicroServiceSample.csproj", "{5748005B-6347-41B7-A172-790E44D3DE81}"
EndProject
Global
	GlobalSection(SolutionConfigurationPlatforms) = preSolution
		Debug|Any CPU = Debug|Any CPU
		Release|Any CPU = Release|Any CPU
	EndGlobalSection
	GlobalSection(ProjectConfigurationPlatforms) = postSolution
		{5748005B-6347-41B7-A172-790E44D3DE81}.Debug|Any CPU.ActiveCfg = Debug|Any CPU
		{5748005B-6347-41B7-A172-790E44D3DE81}.Debug|Any CPU.Build.0 = Debug|Any CPU
		{5748005B-6347-41B7-A172-790E44D3DE81}.Release|Any CPU.ActiveCfg = Release|Any CPU
		{5748005B-6347-41B7-A172-790E44D3DE81}.Release|Any CPU.Build.0 = Release|Any CPU
	EndGlobalSection
	GlobalSection(SolutionProperties) = preSolution
		HideSolutionNode = FALSE
	EndGlobalSection
EndGlobal
